
Microsoft Visual Studio Solution File, Format Version 12.00
# Visual Studio Version 17
VisualStudioVersion = 17.7.34202.233
MinimumVisualStudioVersion = 10.0.40219.1
Project("{FAE04EC0-301F-11D3-BF4B-00C04F79EFBC}") = "TourGuideApp", "TourGuideApp.csproj", "{68EE8310-F03D-423C-AE22-8F2DAA781BBE}"
EndProject
Global
	GlobalSection(SolutionConfigurationPlatforms) = preSolution
		Debug|Any CPU = Debug|Any CPU
		Release|Any CPU = Release|Any CPU
	EndGlobalSection
	GlobalSection(ProjectConfigurationPlatforms) = postSolution
		{68EE8310-F03D-423C-AE22-8F2DAA781BBE}.Debug|Any CPU.ActiveCfg = Debug|Any CPU
		{68EE8310-F03D-423C-AE22-8F2DAA781BBE}.Debug|Any CPU.Build.0 = Debug|Any CPU
		{68EE8310-F03D-423C-AE22-8F2DAA781BBE}.Release|Any CPU.ActiveCfg = Release|Any CPU
		{68EE8310-F03D-423C-AE22-8F2DAA781BBE}.Release|Any CPU.Build.0 = Release|Any CPU
	EndGlobalSection
	GlobalSection(SolutionProperties) = preSolution
		HideSolutionNode = FALSE
	EndGlobalSection
	GlobalSection(ExtensibilityGlobals) = postSolution
		SolutionGuid = {5872D2C6-41E9-4836-90F3-A32E856F0011}
	EndGlobalSection
EndGlobal
